
Microsoft Visual Studio Solution File, Format Version 12.00
# Visual Studio Version 17
VisualStudioVersion = 17.14.36804.6 d17.14
MinimumVisualStudioVersion = 10.0.40219.1
Project("{FAE04EC0-301F-11D3-BF4B-00C04F79EFBC}") = "Hallo", "Hallo.csproj", "{BAD27B93-681A-48B2-9773-5EA7FF51D7D5}"
EndProject
Project("{FAE04EC0-301F-11D3-BF4B-00C04F79EFBC}") = "Hallop", "..\Hallop\Hallop.csproj", "{92931EAC-5B35-48DA-B7AC-68A3405B7258}"
EndProject
Global
	GlobalSection(SolutionConfigurationPlatforms) = preSolution
		Debug|Any CPU = Debug|Any CPU
		Release|Any CPU = Release|Any CPU
	EndGlobalSection
	GlobalSection(ProjectConfigurationPlatforms) = postSolution
		{BAD27B93-681A-48B2-9773-5EA7FF51D7D5}.Debug|Any CPU.ActiveCfg = Debug|Any CPU
		{BAD27B93-681A-48B2-9773-5EA7FF51D7D5}.Debug|Any CPU.Build.0 = Debug|Any CPU
		{BAD27B93-681A-48B2-9773-5EA7FF51D7D5}.Release|Any CPU.ActiveCfg = Release|Any CPU
		{BAD27B93-681A-48B2-9773-5EA7FF51D7D5}.Release|Any CPU.Build.0 = Release|Any CPU
		{92931EAC-5B35-48DA-B7AC-68A3405B7258}.Debug|Any CPU.ActiveCfg = Debug|Any CPU
		{92931EAC-5B35-48DA-B7AC-68A3405B7258}.Debug|Any CPU.Build.0 = Debug|Any CPU
		{92931EAC-5B35-48DA-B7AC-68A3405B7258}.Release|Any CPU.ActiveCfg = Release|Any CPU
		{92931EAC-5B35-48DA-B7AC-68A3405B7258}.Release|Any CPU.Build.0 = Release|Any CPU
	EndGlobalSection
	GlobalSection(SolutionProperties) = preSolution
		HideSolutionNode = FALSE
	EndGlobalSection
	GlobalSection(ExtensibilityGlobals) = postSolution
		SolutionGuid = {6000E088-6A75-4D7F-B604-E5F0B84E04B2}
	EndGlobalSection
EndGlobal
