
Microsoft Visual Studio Solution File, Format Version 12.00
# Visual Studio Version 17
VisualStudioVersion = 17.14.36804.6
MinimumVisualStudioVersion = 10.0.40219.1
Project("{FAE04EC0-301F-11D3-BF4B-00C04F79EFBC}") = "ConnectedDemo10", "ConnectedDemo10\ConnectedDemo10.csproj", "{60E0DE24-F835-4873-9B5C-0276D0D9197F}"
EndProject
Project("{FAE04EC0-301F-11D3-BF4B-00C04F79EFBC}") = "WebApplication1", "WebApplication1\WebApplication1.csproj", "{5F02C621-3A96-47D5-818C-BBF755140368}"
EndProject
Project("{FAE04EC0-301F-11D3-BF4B-00C04F79EFBC}") = "DatabaseConnection", "DatabaseConnection\DatabaseConnection.csproj", "{F447E004-528F-4298-B9E9-631A9CBFC898}"
EndProject
Global
	GlobalSection(SolutionConfigurationPlatforms) = preSolution
		Debug|Any CPU = Debug|Any CPU
		Release|Any CPU = Release|Any CPU
	EndGlobalSection
	GlobalSection(ProjectConfigurationPlatforms) = postSolution
		{60E0DE24-F835-4873-9B5C-0276D0D9197F}.Debug|Any CPU.ActiveCfg = Debug|Any CPU
		{60E0DE24-F835-4873-9B5C-0276D0D9197F}.Debug|Any CPU.Build.0 = Debug|Any CPU
		{60E0DE24-F835-4873-9B5C-0276D0D9197F}.Release|Any CPU.ActiveCfg = Release|Any CPU
		{60E0DE24-F835-4873-9B5C-0276D0D9197F}.Release|Any CPU.Build.0 = Release|Any CPU
		{5F02C621-3A96-47D5-818C-BBF755140368}.Debug|Any CPU.ActiveCfg = Debug|Any CPU
		{5F02C621-3A96-47D5-818C-BBF755140368}.Debug|Any CPU.Build.0 = Debug|Any CPU
		{5F02C621-3A96-47D5-818C-BBF755140368}.Release|Any CPU.ActiveCfg = Release|Any CPU
		{5F02C621-3A96-47D5-818C-BBF755140368}.Release|Any CPU.Build.0 = Release|Any CPU
		{F447E004-528F-4298-B9E9-631A9CBFC898}.Debug|Any CPU.ActiveCfg = Debug|Any CPU
		{F447E004-528F-4298-B9E9-631A9CBFC898}.Debug|Any CPU.Build.0 = Debug|Any CPU
		{F447E004-528F-4298-B9E9-631A9CBFC898}.Release|Any CPU.ActiveCfg = Release|Any CPU
		{F447E004-528F-4298-B9E9-631A9CBFC898}.Release|Any CPU.Build.0 = Release|Any CPU
	EndGlobalSection
	GlobalSection(SolutionProperties) = preSolution
		HideSolutionNode = FALSE
	EndGlobalSection
	GlobalSection(ExtensibilityGlobals) = postSolution
		SolutionGuid = {2A239E55-7FA3-4FAC-AAEF-07FF3A29B054}
	EndGlobalSection
EndGlobal
