
Microsoft Visual Studio Solution File, Format Version 12.00
# Visual Studio Version 17
VisualStudioVersion = 17.14.36804.6 d17.14
MinimumVisualStudioVersion = 10.0.40219.1
Project("{FAE04EC0-301F-11D3-BF4B-00C04F79EFBC}") = "Pyramidm", "Pyramidm.csproj", "{01900656-523C-4FB9-B8D1-B3D656A73CF5}"
EndProject
Global
	GlobalSection(SolutionConfigurationPlatforms) = preSolution
		Debug|Any CPU = Debug|Any CPU
		Release|Any CPU = Release|Any CPU
	EndGlobalSection
	GlobalSection(ProjectConfigurationPlatforms) = postSolution
		{01900656-523C-4FB9-B8D1-B3D656A73CF5}.Debug|Any CPU.ActiveCfg = Debug|Any CPU
		{01900656-523C-4FB9-B8D1-B3D656A73CF5}.Debug|Any CPU.Build.0 = Debug|Any CPU
		{01900656-523C-4FB9-B8D1-B3D656A73CF5}.Release|Any CPU.ActiveCfg = Release|Any CPU
		{01900656-523C-4FB9-B8D1-B3D656A73CF5}.Release|Any CPU.Build.0 = Release|Any CPU
	EndGlobalSection
	GlobalSection(SolutionProperties) = preSolution
		HideSolutionNode = FALSE
	EndGlobalSection
	GlobalSection(ExtensibilityGlobals) = postSolution
		SolutionGuid = {434EBC57-53B7-43EE-8941-26623D0036AD}
	EndGlobalSection
EndGlobal
