
Microsoft Visual Studio Solution File, Format Version 12.00
# Visual Studio Version 17
VisualStudioVersion = 17.14.36804.6 d17.14
MinimumVisualStudioVersion = 10.0.40219.1
Project("{FAE04EC0-301F-11D3-BF4B-00C04F79EFBC}") = "Report", "Report.csproj", "{BAD0DF2A-456A-43D3-8FCD-DAC66E313162}"
EndProject
Global
	GlobalSection(SolutionConfigurationPlatforms) = preSolution
		Debug|Any CPU = Debug|Any CPU
		Release|Any CPU = Release|Any CPU
	EndGlobalSection
	GlobalSection(ProjectConfigurationPlatforms) = postSolution
		{BAD0DF2A-456A-43D3-8FCD-DAC66E313162}.Debug|Any CPU.ActiveCfg = Debug|Any CPU
		{BAD0DF2A-456A-43D3-8FCD-DAC66E313162}.Debug|Any CPU.Build.0 = Debug|Any CPU
		{BAD0DF2A-456A-43D3-8FCD-DAC66E313162}.Release|Any CPU.ActiveCfg = Release|Any CPU
		{BAD0DF2A-456A-43D3-8FCD-DAC66E313162}.Release|Any CPU.Build.0 = Release|Any CPU
	EndGlobalSection
	GlobalSection(SolutionProperties) = preSolution
		HideSolutionNode = FALSE
	EndGlobalSection
	GlobalSection(ExtensibilityGlobals) = postSolution
		SolutionGuid = {FB3F998E-391A-4A83-A0BB-ECD0BC6E6BC8}
	EndGlobalSection
EndGlobal
