
Microsoft Visual Studio Solution File, Format Version 12.00
# Visual Studio Version 17
VisualStudioVersion = 17.14.36804.6
MinimumVisualStudioVersion = 10.0.40219.1
Project("{FAE04EC0-301F-11D3-BF4B-00C04F79EFBC}") = "Report", "Report\Report.csproj", "{97371FE9-768D-4591-AB61-B4BBC32DC360}"
EndProject
Project("{FAE04EC0-301F-11D3-BF4B-00C04F79EFBC}") = "NotePad", "NotePad\NotePad.csproj", "{A0C8301B-7703-4D54-B29A-556B087B9206}"
EndProject
Global
	GlobalSection(SolutionConfigurationPlatforms) = preSolution
		Debug|Any CPU = Debug|Any CPU
		Release|Any CPU = Release|Any CPU
	EndGlobalSection
	GlobalSection(ProjectConfigurationPlatforms) = postSolution
		{97371FE9-768D-4591-AB61-B4BBC32DC360}.Debug|Any CPU.ActiveCfg = Debug|Any CPU
		{97371FE9-768D-4591-AB61-B4BBC32DC360}.Debug|Any CPU.Build.0 = Debug|Any CPU
		{97371FE9-768D-4591-AB61-B4BBC32DC360}.Release|Any CPU.ActiveCfg = Release|Any CPU
		{97371FE9-768D-4591-AB61-B4BBC32DC360}.Release|Any CPU.Build.0 = Release|Any CPU
		{A0C8301B-7703-4D54-B29A-556B087B9206}.Debug|Any CPU.ActiveCfg = Debug|Any CPU
		{A0C8301B-7703-4D54-B29A-556B087B9206}.Debug|Any CPU.Build.0 = Debug|Any CPU
		{A0C8301B-7703-4D54-B29A-556B087B9206}.Release|Any CPU.ActiveCfg = Release|Any CPU
		{A0C8301B-7703-4D54-B29A-556B087B9206}.Release|Any CPU.Build.0 = Release|Any CPU
	EndGlobalSection
	GlobalSection(SolutionProperties) = preSolution
		HideSolutionNode = FALSE
	EndGlobalSection
	GlobalSection(ExtensibilityGlobals) = postSolution
		SolutionGuid = {5CE8A56E-7123-41F0-AD6E-B985B7CDC501}
	EndGlobalSection
EndGlobal
